// !$*UTF8*$!
{
	archiveVersion = 1;
	classes = {
	};
	objectVersion = 51;
	objects = {

/* Begin PBXBuildFile section */
		5DB12A07B2AB5DA555FDC489 /* Pods_LunaMovie.framework in Frameworks */ = {isa = PBXBuildFile; fileRef = DCD19F8A5031D49E5194FF18 /* Pods_LunaMovie.framework */; };
		F9B20D30252C9AB4008F0556 /* HttpRouter.swift in Sources */ = {isa = PBXBuildFile; fileRef = F9B20D2F252C9AB4008F0556 /* HttpRouter.swift */; };
		F9B20D33252C9CBD008F0556 /* HttpService.swift in Sources */ = {isa = PBXBuildFile; fileRef = F9B20D32252C9CBD008F0556 /* HttpService.swift */; };
		F9B20D38252CA2DC008F0556 /* MovieHttpService.swift in Sources */ = {isa = PBXBuildFile; fileRef = F9B20D37252CA2DC008F0556 /* MovieHttpService.swift */; };
		F9B20D3B252D89DC008F0556 /* MovieHttpRouter.swift in Sources */ = {isa = PBXBuildFile; fileRef = F9B20D3A252D89DC008F0556 /* MovieHttpRouter.swift */; };
		F9B20D3F252D93D0008F0556 /* ResponseSerialize.swift in Sources */ = {isa = PBXBuildFile; fileRef = F9B20D3E252D93D0008F0556 /* ResponseSerialize.swift */; };
		F9B20D43252D9654008F0556 /* MovieAPI.swift in Sources */ = {isa = PBXBuildFile; fileRef = F9B20D42252D9654008F0556 /* MovieAPI.swift */; };
		F9B20D46252D98D7008F0556 /* MovieService.swift in Sources */ = {isa = PBXBuildFile; fileRef = F9B20D45252D98D7008F0556 /* MovieService.swift */; };
		F9B20D49252DBF7D008F0556 /* MovieViewModel.swift in Sources */ = {isa = PBXBuildFile; fileRef = F9B20D48252DBF7D008F0556 /* MovieViewModel.swift */; };
		F9C84500252998DC00A69809 /* AppDelegate.swift in Sources */ = {isa = PBXBuildFile; fileRef = F9C844FF252998DC00A69809 /* AppDelegate.swift */; };
		F9C84502252998DC00A69809 /* SceneDelegate.swift in Sources */ = {isa = PBXBuildFile; fileRef = F9C84501252998DC00A69809 /* SceneDelegate.swift */; };
		F9C84507252998DC00A69809 /* Main.storyboard in Resources */ = {isa = PBXBuildFile; fileRef = F9C84505252998DC00A69809 /* Main.storyboard */; };
		F9C8450A252998DC00A69809 /* LunaMovie.xcdatamodeld in Sources */ = {isa = PBXBuildFile; fileRef = F9C84508252998DC00A69809 /* LunaMovie.xcdatamodeld */; };
		F9C8450C252998DC00A69809 /* Assets.xcassets in Resources */ = {isa = PBXBuildFile; fileRef = F9C8450B252998DC00A69809 /* Assets.xcassets */; };
		F9C8450F252998DC00A69809 /* LaunchScreen.storyboard in Resources */ = {isa = PBXBuildFile; fileRef = F9C8450D252998DC00A69809 /* LaunchScreen.storyboard */; };
		F9C845AD252B07C000A69809 /* PopularViewController.swift in Sources */ = {isa = PBXBuildFile; fileRef = F9C845AC252B07C000A69809 /* PopularViewController.swift */; };
		F9C845B1252B119400A69809 /* MovieViewCell.swift in Sources */ = {isa = PBXBuildFile; fileRef = F9C845B0252B119400A69809 /* MovieViewCell.swift */; };
		F9D147B1252B35AE0072DA0A /* MainViewController.swift in Sources */ = {isa = PBXBuildFile; fileRef = F9D147B0252B35AE0072DA0A /* MainViewController.swift */; };
		F9D147B4252B360A0072DA0A /* FavoriteViewController.swift in Sources */ = {isa = PBXBuildFile; fileRef = F9D147B3252B360A0072DA0A /* FavoriteViewController.swift */; };
		F9D147B8252B4B2B0072DA0A /* PopularViewModel.swift in Sources */ = {isa = PBXBuildFile; fileRef = F9D147B7252B4B2B0072DA0A /* PopularViewModel.swift */; };
		F9D147BD252B4C270072DA0A /* Movie.swift in Sources */ = {isa = PBXBuildFile; fileRef = F9D147BC252B4C270072DA0A /* Movie.swift */; };
/* End PBXBuildFile section */

/* Begin PBXFileReference section */
		5372713FB2FD2ABE791927E3 /* Pods-LunaMovie.debug.xcconfig */ = {isa = PBXFileReference; includeInIndex = 1; lastKnownFileType = text.xcconfig; name = "Pods-LunaMovie.debug.xcconfig"; path = "Target Support Files/Pods-LunaMovie/Pods-LunaMovie.debug.xcconfig"; sourceTree = "<group>"; };
		DCD19F8A5031D49E5194FF18 /* Pods_LunaMovie.framework */ = {isa = PBXFileReference; explicitFileType = wrapper.framework; includeInIndex = 0; path = Pods_LunaMovie.framework; sourceTree = BUILT_PRODUCTS_DIR; };
		F9B20D2F252C9AB4008F0556 /* HttpRouter.swift */ = {isa = PBXFileReference; lastKnownFileType = sourcecode.swift; path = HttpRouter.swift; sourceTree = "<group>"; };
		F9B20D32252C9CBD008F0556 /* HttpService.swift */ = {isa = PBXFileReference; lastKnownFileType = sourcecode.swift; path = HttpService.swift; sourceTree = "<group>"; };
		F9B20D37252CA2DC008F0556 /* MovieHttpService.swift */ = {isa = PBXFileReference; lastKnownFileType = sourcecode.swift; path = MovieHttpService.swift; sourceTree = "<group>"; };
		F9B20D3A252D89DC008F0556 /* MovieHttpRouter.swift */ = {isa = PBXFileReference; lastKnownFileType = sourcecode.swift; path = MovieHttpRouter.swift; sourceTree = "<group>"; };
		F9B20D3E252D93D0008F0556 /* ResponseSerialize.swift */ = {isa = PBXFileReference; lastKnownFileType = sourcecode.swift; path = ResponseSerialize.swift; sourceTree = "<group>"; };
		F9B20D42252D9654008F0556 /* MovieAPI.swift */ = {isa = PBXFileReference; lastKnownFileType = sourcecode.swift; path = MovieAPI.swift; sourceTree = "<group>"; };
		F9B20D45252D98D7008F0556 /* MovieService.swift */ = {isa = PBXFileReference; lastKnownFileType = sourcecode.swift; path = MovieService.swift; sourceTree = "<group>"; };
		F9B20D48252DBF7D008F0556 /* MovieViewModel.swift */ = {isa = PBXFileReference; lastKnownFileType = sourcecode.swift; path = MovieViewModel.swift; sourceTree = "<group>"; };
		F9C844FC252998DC00A69809 /* LunaMovie.app */ = {isa = PBXFileReference; explicitFileType = wrapper.application; includeInIndex = 0; path = LunaMovie.app; sourceTree = BUILT_PRODUCTS_DIR; };
		F9C844FF252998DC00A69809 /* AppDelegate.swift */ = {isa = PBXFileReference; lastKnownFileType = sourcecode.swift; path = AppDelegate.swift; sourceTree = "<group>"; };
		F9C84501252998DC00A69809 /* SceneDelegate.swift */ = {isa = PBXFileReference; lastKnownFileType = sourcecode.swift; path = SceneDelegate.swift; sourceTree = "<group>"; };
		F9C84506252998DC00A69809 /* Base */ = {isa = PBXFileReference; lastKnownFileType = file.storyboard; name = Base; path = Base.lproj/Main.storyboard; sourceTree = "<group>"; };
		F9C84509252998DC00A69809 /* LunaMovie.xcdatamodel */ = {isa = PBXFileReference; lastKnownFileType = wrapper.xcdatamodel; path = LunaMovie.xcdatamodel; sourceTree = "<group>"; };
		F9C8450B252998DC00A69809 /* Assets.xcassets */ = {isa = PBXFileReference; lastKnownFileType = folder.assetcatalog; path = Assets.xcassets; sourceTree = "<group>"; };
		F9C8450E252998DC00A69809 /* Base */ = {isa = PBXFileReference; lastKnownFileType = file.storyboard; name = Base; path = Base.lproj/LaunchScreen.storyboard; sourceTree = "<group>"; };
		F9C84510252998DC00A69809 /* Info.plist */ = {isa = PBXFileReference; lastKnownFileType = text.plist.xml; path = Info.plist; sourceTree = "<group>"; };
		F9C845AC252B07C000A69809 /* PopularViewController.swift */ = {isa = PBXFileReference; lastKnownFileType = sourcecode.swift; path = PopularViewController.swift; sourceTree = "<group>"; };
		F9C845B0252B119400A69809 /* MovieViewCell.swift */ = {isa = PBXFileReference; lastKnownFileType = sourcecode.swift; path = MovieViewCell.swift; sourceTree = "<group>"; };
		F9D147B0252B35AE0072DA0A /* MainViewController.swift */ = {isa = PBXFileReference; lastKnownFileType = sourcecode.swift; path = MainViewController.swift; sourceTree = "<group>"; };
		F9D147B3252B360A0072DA0A /* FavoriteViewController.swift */ = {isa = PBXFileReference; lastKnownFileType = sourcecode.swift; path = FavoriteViewController.swift; sourceTree = "<group>"; };
		F9D147B7252B4B2B0072DA0A /* PopularViewModel.swift */ = {isa = PBXFileReference; lastKnownFileType = sourcecode.swift; path = PopularViewModel.swift; sourceTree = "<group>"; };
		F9D147BC252B4C270072DA0A /* Movie.swift */ = {isa = PBXFileReference; lastKnownFileType = sourcecode.swift; path = Movie.swift; sourceTree = "<group>"; };
		FF0ADD02A04CBE8C3807B318 /* Pods-LunaMovie.release.xcconfig */ = {isa = PBXFileReference; includeInIndex = 1; lastKnownFileType = text.xcconfig; name = "Pods-LunaMovie.release.xcconfig"; path = "Target Support Files/Pods-LunaMovie/Pods-LunaMovie.release.xcconfig"; sourceTree = "<group>"; };
/* End PBXFileReference section */

/* Begin PBXFrameworksBuildPhase section */
		F9C844F9252998DC00A69809 /* Frameworks */ = {
			isa = PBXFrameworksBuildPhase;
			buildActionMask = 2147483647;
			files = (
				5DB12A07B2AB5DA555FDC489 /* Pods_LunaMovie.framework in Frameworks */,
			);
			runOnlyForDeploymentPostprocessing = 0;
		};
/* End PBXFrameworksBuildPhase section */

/* Begin PBXGroup section */
		4B9CFCE83ACF946449232EEA /* Frameworks */ = {
			isa = PBXGroup;
			children = (
				DCD19F8A5031D49E5194FF18 /* Pods_LunaMovie.framework */,
			);
			name = Frameworks;
			sourceTree = "<group>";
		};
		84F291BB3F2C33B4DAE4A488 /* Pods */ = {
			isa = PBXGroup;
			children = (
				5372713FB2FD2ABE791927E3 /* Pods-LunaMovie.debug.xcconfig */,
				FF0ADD02A04CBE8C3807B318 /* Pods-LunaMovie.release.xcconfig */,
			);
			path = Pods;
			sourceTree = "<group>";
		};
		F9B20D2E252C9A9E008F0556 /* Service */ = {
			isa = PBXGroup;
			children = (
				F9B20D35252CA2B8008F0556 /* Movie */,
				F9B20D2F252C9AB4008F0556 /* HttpRouter.swift */,
				F9B20D32252C9CBD008F0556 /* HttpService.swift */,
			);
			path = Service;
			sourceTree = "<group>";
		};
		F9B20D35252CA2B8008F0556 /* Movie */ = {
			isa = PBXGroup;
			children = (
				F9B20D37252CA2DC008F0556 /* MovieHttpService.swift */,
				F9B20D3A252D89DC008F0556 /* MovieHttpRouter.swift */,
			);
			path = Movie;
			sourceTree = "<group>";
		};
		F9B20D3D252D9341008F0556 /* Movie */ = {
			isa = PBXGroup;
			children = (
				F9B20D42252D9654008F0556 /* MovieAPI.swift */,
				F9B20D45252D98D7008F0556 /* MovieService.swift */,
			);
			path = Movie;
			sourceTree = "<group>";
		};
		F9C844F3252998DC00A69809 = {
			isa = PBXGroup;
			children = (
				F9C844FE252998DC00A69809 /* LunaMovie */,
				F9C844FD252998DC00A69809 /* Products */,
				84F291BB3F2C33B4DAE4A488 /* Pods */,
				4B9CFCE83ACF946449232EEA /* Frameworks */,
			);
			sourceTree = "<group>";
		};
		F9C844FD252998DC00A69809 /* Products */ = {
			isa = PBXGroup;
			children = (
				F9C844FC252998DC00A69809 /* LunaMovie.app */,
			);
			name = Products;
			sourceTree = "<group>";
		};
		F9C844FE252998DC00A69809 /* LunaMovie */ = {
			isa = PBXGroup;
			children = (
				F9C845182529991500A69809 /* UI */,
				F9C845172529990C00A69809 /* Model */,
				F9C844FF252998DC00A69809 /* AppDelegate.swift */,
				F9C84501252998DC00A69809 /* SceneDelegate.swift */,
				F9C84505252998DC00A69809 /* Main.storyboard */,
				F9C8450B252998DC00A69809 /* Assets.xcassets */,
				F9C8450D252998DC00A69809 /* LaunchScreen.storyboard */,
				F9C84510252998DC00A69809 /* Info.plist */,
				F9C84508252998DC00A69809 /* LunaMovie.xcdatamodeld */,
			);
			path = LunaMovie;
			sourceTree = "<group>";
		};
		F9C845172529990C00A69809 /* Model */ = {
			isa = PBXGroup;
			children = (
				F9B20D2E252C9A9E008F0556 /* Service */,
				F9D147BB252B4B420072DA0A /* Repository */,
				F9D147BA252B4B330072DA0A /* Entity */,
			);
			path = Model;
			sourceTree = "<group>";
		};
		F9C845182529991500A69809 /* UI */ = {
			isa = PBXGroup;
			children = (
				F9D147AE252B35450072DA0A /* Favorite */,
				F9C845AB252B07A100A69809 /* Popular */,
				F9C845192529993000A69809 /* Main */,
			);
			path = UI;
			sourceTree = "<group>";
		};
		F9C845192529993000A69809 /* Main */ = {
			isa = PBXGroup;
			children = (
				F9C845B0252B119400A69809 /* MovieViewCell.swift */,
				F9D147B0252B35AE0072DA0A /* MainViewController.swift */,
				F9B20D48252DBF7D008F0556 /* MovieViewModel.swift */,
			);
			path = Main;
			sourceTree = "<group>";
		};
		F9C845AB252B07A100A69809 /* Popular */ = {
			isa = PBXGroup;
			children = (
				F9C845AC252B07C000A69809 /* PopularViewController.swift */,
				F9D147B7252B4B2B0072DA0A /* PopularViewModel.swift */,
			);
			path = Popular;
			sourceTree = "<group>";
		};
		F9D147AE252B35450072DA0A /* Favorite */ = {
			isa = PBXGroup;
			children = (
				F9D147B3252B360A0072DA0A /* FavoriteViewController.swift */,
			);
			path = Favorite;
			sourceTree = "<group>";
		};
		F9D147BA252B4B330072DA0A /* Entity */ = {
			isa = PBXGroup;
			children = (
				F9D147BC252B4C270072DA0A /* Movie.swift */,
				F9B20D3E252D93D0008F0556 /* ResponseSerialize.swift */,
			);
			path = Entity;
			sourceTree = "<group>";
		};
		F9D147BB252B4B420072DA0A /* Repository */ = {
			isa = PBXGroup;
			children = (
				F9B20D3D252D9341008F0556 /* Movie */,
			);
			path = Repository;
			sourceTree = "<group>";
		};
/* End PBXGroup section */

/* Begin PBXNativeTarget section */
		F9C844FB252998DC00A69809 /* LunaMovie */ = {
			isa = PBXNativeTarget;
			buildConfigurationList = F9C84513252998DC00A69809 /* Build configuration list for PBXNativeTarget "LunaMovie" */;
			buildPhases = (
				2F09670BB8111CD811151007 /* [CP] Check Pods Manifest.lock */,
				F9C844F8252998DC00A69809 /* Sources */,
				F9C844F9252998DC00A69809 /* Frameworks */,
				F9C844FA252998DC00A69809 /* Resources */,
				1CB58E30445CEB372095757E /* [CP] Embed Pods Frameworks */,
			);
			buildRules = (
			);
			dependencies = (
			);
			name = LunaMovie;
			productName = LunaMovie;
			productReference = F9C844FC252998DC00A69809 /* LunaMovie.app */;
			productType = "com.apple.product-type.application";
		};
/* End PBXNativeTarget section */

/* Begin PBXProject section */
		F9C844F4252998DC00A69809 /* Project object */ = {
			isa = PBXProject;
			attributes = {
				LastSwiftUpdateCheck = 1200;
				LastUpgradeCheck = 1200;
				TargetAttributes = {
					F9C844FB252998DC00A69809 = {
						CreatedOnToolsVersion = 12.0;
					};
				};
			};
			buildConfigurationList = F9C844F7252998DC00A69809 /* Build configuration list for PBXProject "LunaMovie" */;
			compatibilityVersion = "Xcode 9.3";
			developmentRegion = en;
			hasScannedForEncodings = 0;
			knownRegions = (
				en,
				Base,
			);
			mainGroup = F9C844F3252998DC00A69809;
			productRefGroup = F9C844FD252998DC00A69809 /* Products */;
			projectDirPath = "";
			projectRoot = "";
			targets = (
				F9C844FB252998DC00A69809 /* LunaMovie */,
			);
		};
/* End PBXProject section */

/* Begin PBXResourcesBuildPhase section */
		F9C844FA252998DC00A69809 /* Resources */ = {
			isa = PBXResourcesBuildPhase;
			buildActionMask = 2147483647;
			files = (
				F9C8450F252998DC00A69809 /* LaunchScreen.storyboard in Resources */,
				F9C8450C252998DC00A69809 /* Assets.xcassets in Resources */,
				F9C84507252998DC00A69809 /* Main.storyboard in Resources */,
			);
			runOnlyForDeploymentPostprocessing = 0;
		};
/* End PBXResourcesBuildPhase section */

/* Begin PBXShellScriptBuildPhase section */
		1CB58E30445CEB372095757E /* [CP] Embed Pods Frameworks */ = {
			isa = PBXShellScriptBuildPhase;
			buildActionMask = 2147483647;
			files = (
			);
			inputFileListPaths = (
				"${PODS_ROOT}/Target Support Files/Pods-LunaMovie/Pods-LunaMovie-frameworks-${CONFIGURATION}-input-files.xcfilelist",
			);
			name = "[CP] Embed Pods Frameworks";
			outputFileListPaths = (
				"${PODS_ROOT}/Target Support Files/Pods-LunaMovie/Pods-LunaMovie-frameworks-${CONFIGURATION}-output-files.xcfilelist",
			);
			runOnlyForDeploymentPostprocessing = 0;
			shellPath = /bin/sh;
			shellScript = "\"${PODS_ROOT}/Target Support Files/Pods-LunaMovie/Pods-LunaMovie-frameworks.sh\"\n";
			showEnvVarsInLog = 0;
		};
		2F09670BB8111CD811151007 /* [CP] Check Pods Manifest.lock */ = {
			isa = PBXShellScriptBuildPhase;
			buildActionMask = 2147483647;
			files = (
			);
			inputFileListPaths = (
			);
			inputPaths = (
				"${PODS_PODFILE_DIR_PATH}/Podfile.lock",
				"${PODS_ROOT}/Manifest.lock",
			);
			name = "[CP] Check Pods Manifest.lock";
			outputFileListPaths = (
			);
			outputPaths = (
				"$(DERIVED_FILE_DIR)/Pods-LunaMovie-checkManifestLockResult.txt",
			);
			runOnlyForDeploymentPostprocessing = 0;
			shellPath = /bin/sh;
			shellScript = "diff \"${PODS_PODFILE_DIR_PATH}/Podfile.lock\" \"${PODS_ROOT}/Manifest.lock\" > /dev/null\nif [ $? != 0 ] ; then\n    # print error to STDERR\n    echo \"error: The sandbox is not in sync with the Podfile.lock. Run 'pod install' or update your CocoaPods installation.\" >&2\n    exit 1\nfi\n# This output is used by Xcode 'outputs' to avoid re-running this script phase.\necho \"SUCCESS\" > \"${SCRIPT_OUTPUT_FILE_0}\"\n";
			showEnvVarsInLog = 0;
		};
/* End PBXShellScriptBuildPhase section */

/* Begin PBXSourcesBuildPhase section */
		F9C844F8252998DC00A69809 /* Sources */ = {
			isa = PBXSourcesBuildPhase;
			buildActionMask = 2147483647;
			files = (
				F9D147B8252B4B2B0072DA0A /* PopularViewModel.swift in Sources */,
				F9B20D33252C9CBD008F0556 /* HttpService.swift in Sources */,
				F9C845AD252B07C000A69809 /* PopularViewController.swift in Sources */,
				F9B20D30252C9AB4008F0556 /* HttpRouter.swift in Sources */,
				F9D147BD252B4C270072DA0A /* Movie.swift in Sources */,
				F9B20D3F252D93D0008F0556 /* ResponseSerialize.swift in Sources */,
				F9C84500252998DC00A69809 /* AppDelegate.swift in Sources */,
				F9B20D38252CA2DC008F0556 /* MovieHttpService.swift in Sources */,
				F9B20D3B252D89DC008F0556 /* MovieHttpRouter.swift in Sources */,
				F9B20D43252D9654008F0556 /* MovieAPI.swift in Sources */,
				F9C8450A252998DC00A69809 /* LunaMovie.xcdatamodeld in Sources */,
				F9D147B4252B360A0072DA0A /* FavoriteViewController.swift in Sources */,
				F9C84502252998DC00A69809 /* SceneDelegate.swift in Sources */,
				F9C845B1252B119400A69809 /* MovieViewCell.swift in Sources */,
				F9B20D46252D98D7008F0556 /* MovieService.swift in Sources */,
				F9B20D49252DBF7D008F0556 /* MovieViewModel.swift in Sources */,
				F9D147B1252B35AE0072DA0A /* MainViewController.swift in Sources */,
			);
			runOnlyForDeploymentPostprocessing = 0;
		};
/* End PBXSourcesBuildPhase section */

/* Begin PBXVariantGroup section */
		F9C84505252998DC00A69809 /* Main.storyboard */ = {
			isa = PBXVariantGroup;
			children = (
				F9C84506252998DC00A69809 /* Base */,
			);
			name = Main.storyboard;
			sourceTree = "<group>";
		};
		F9C8450D252998DC00A69809 /* LaunchScreen.storyboard */ = {
			isa = PBXVariantGroup;
			children = (
				F9C8450E252998DC00A69809 /* Base */,
			);
			name = LaunchScreen.storyboard;
			sourceTree = "<group>";
		};
/* End PBXVariantGroup section */

/* Begin XCBuildConfiguration section */
		F9C84511252998DC00A69809 /* Debug */ = {
			isa = XCBuildConfiguration;
			buildSettings = {
				ALWAYS_SEARCH_USER_PATHS = NO;
				CLANG_ANALYZER_NONNULL = YES;
				CLANG_ANALYZER_NUMBER_OBJECT_CONVERSION = YES_AGGRESSIVE;
				CLANG_CXX_LANGUAGE_STANDARD = "gnu++14";
				CLANG_CXX_LIBRARY = "libc++";
				CLANG_ENABLE_MODULES = YES;
				CLANG_ENABLE_OBJC_ARC = YES;
				CLANG_ENABLE_OBJC_WEAK = YES;
				CLANG_WARN_BLOCK_CAPTURE_AUTORELEASING = YES;
				CLANG_WARN_BOOL_CONVERSION = YES;
				CLANG_WARN_COMMA = YES;
				CLANG_WARN_CONSTANT_CONVERSION = YES;
				CLANG_WARN_DEPRECATED_OBJC_IMPLEMENTATIONS = YES;
				CLANG_WARN_DIRECT_OBJC_ISA_USAGE = YES_ERROR;
				CLANG_WARN_DOCUMENTATION_COMMENTS = YES;
				CLANG_WARN_EMPTY_BODY = YES;
				CLANG_WARN_ENUM_CONVERSION = YES;
				CLANG_WARN_INFINITE_RECURSION = YES;
				CLANG_WARN_INT_CONVERSION = YES;
				CLANG_WARN_NON_LITERAL_NULL_CONVERSION = YES;
				CLANG_WARN_OBJC_IMPLICIT_RETAIN_SELF = YES;
				CLANG_WARN_OBJC_LITERAL_CONVERSION = YES;
				CLANG_WARN_OBJC_ROOT_CLASS = YES_ERROR;
				CLANG_WARN_QUOTED_INCLUDE_IN_FRAMEWORK_HEADER = YES;
				CLANG_WARN_RANGE_LOOP_ANALYSIS = YES;
				CLANG_WARN_STRICT_PROTOTYPES = YES;
				CLANG_WARN_SUSPICIOUS_MOVE = YES;
				CLANG_WARN_UNGUARDED_AVAILABILITY = YES_AGGRESSIVE;
				CLANG_WARN_UNREACHABLE_CODE = YES;
				CLANG_WARN__DUPLICATE_METHOD_MATCH = YES;
				COPY_PHASE_STRIP = NO;
				DEBUG_INFORMATION_FORMAT = dwarf;
				ENABLE_STRICT_OBJC_MSGSEND = YES;
				ENABLE_TESTABILITY = YES;
				GCC_C_LANGUAGE_STANDARD = gnu11;
				GCC_DYNAMIC_NO_PIC = NO;
				GCC_NO_COMMON_BLOCKS = YES;
				GCC_OPTIMIZATION_LEVEL = 0;
				GCC_PREPROCESSOR_DEFINITIONS = (
					"DEBUG=1",
					"$(inherited)",
				);
				GCC_WARN_64_TO_32_BIT_CONVERSION = YES;
				GCC_WARN_ABOUT_RETURN_TYPE = YES_ERROR;
				GCC_WARN_UNDECLARED_SELECTOR = YES;
				GCC_WARN_UNINITIALIZED_AUTOS = YES_AGGRESSIVE;
				GCC_WARN_UNUSED_FUNCTION = YES;
				GCC_WARN_UNUSED_VARIABLE = YES;
				IPHONEOS_DEPLOYMENT_TARGET = 14.0;
				MTL_ENABLE_DEBUG_INFO = INCLUDE_SOURCE;
				MTL_FAST_MATH = YES;
				ONLY_ACTIVE_ARCH = YES;
				SDKROOT = iphoneos;
				SWIFT_ACTIVE_COMPILATION_CONDITIONS = DEBUG;
				SWIFT_OPTIMIZATION_LEVEL = "-Onone";
			};
			name = Debug;
		};
		F9C84512252998DC00A69809 /* Release */ = {
			isa = XCBuildConfiguration;
			buildSettings = {
				ALWAYS_SEARCH_USER_PATHS = NO;
				CLANG_ANALYZER_NONNULL = YES;
				CLANG_ANALYZER_NUMBER_OBJECT_CONVERSION = YES_AGGRESSIVE;
				CLANG_CXX_LANGUAGE_STANDARD = "gnu++14";
				CLANG_CXX_LIBRARY = "libc++";
				CLANG_ENABLE_MODULES = YES;
				CLANG_ENABLE_OBJC_ARC = YES;
				CLANG_ENABLE_OBJC_WEAK = YES;
				CLANG_WARN_BLOCK_CAPTURE_AUTORELEASING = YES;
				CLANG_WARN_BOOL_CONVERSION = YES;
				CLANG_WARN_COMMA = YES;
				CLANG_WARN_CONSTANT_CONVERSION = YES;
				CLANG_WARN_DEPRECATED_OBJC_IMPLEMENTATIONS = YES;
				CLANG_WARN_DIRECT_OBJC_ISA_USAGE = YES_ERROR;
				CLANG_WARN_DOCUMENTATION_COMMENTS = YES;
				CLANG_WARN_EMPTY_BODY = YES;
				CLANG_WARN_ENUM_CONVERSION = YES;
				CLANG_WARN_INFINITE_RECURSION = YES;
				CLANG_WARN_INT_CONVERSION = YES;
				CLANG_WARN_NON_LITERAL_NULL_CONVERSION = YES;
				CLANG_WARN_OBJC_IMPLICIT_RETAIN_SELF = YES;
				CLANG_WARN_OBJC_LITERAL_CONVERSION = YES;
				CLANG_WARN_OBJC_ROOT_CLASS = YES_ERROR;
				CLANG_WARN_QUOTED_INCLUDE_IN_FRAMEWORK_HEADER = YES;
				CLANG_WARN_RANGE_LOOP_ANALYSIS = YES;
				CLANG_WARN_STRICT_PROTOTYPES = YES;
				CLANG_WARN_SUSPICIOUS_MOVE = YES;
				CLANG_WARN_UNGUARDED_AVAILABILITY = YES_AGGRESSIVE;
				CLANG_WARN_UNREACHABLE_CODE = YES;
				CLANG_WARN__DUPLICATE_METHOD_MATCH = YES;
				COPY_PHASE_STRIP = NO;
				DEBUG_INFORMATION_FORMAT = "dwarf-with-dsym";
				ENABLE_NS_ASSERTIONS = NO;
				ENABLE_STRICT_OBJC_MSGSEND = YES;
				GCC_C_LANGUAGE_STANDARD = gnu11;
				GCC_NO_COMMON_BLOCKS = YES;
				GCC_WARN_64_TO_32_BIT_CONVERSION = YES;
				GCC_WARN_ABOUT_RETURN_TYPE = YES_ERROR;
				GCC_WARN_UNDECLARED_SELECTOR = YES;
				GCC_WARN_UNINITIALIZED_AUTOS = YES_AGGRESSIVE;
				GCC_WARN_UNUSED_FUNCTION = YES;
				GCC_WARN_UNUSED_VARIABLE = YES;
				IPHONEOS_DEPLOYMENT_TARGET = 14.0;
				MTL_ENABLE_DEBUG_INFO = NO;
				MTL_FAST_MATH = YES;
				SDKROOT = iphoneos;
				SWIFT_COMPILATION_MODE = wholemodule;
				SWIFT_OPTIMIZATION_LEVEL = "-O";
				VALIDATE_PRODUCT = YES;
			};
			name = Release;
		};
		F9C84514252998DC00A69809 /* Debug */ = {
			isa = XCBuildConfiguration;
			baseConfigurationReference = 5372713FB2FD2ABE791927E3 /* Pods-LunaMovie.debug.xcconfig */;
			buildSettings = {
				ASSETCATALOG_COMPILER_APPICON_NAME = AppIcon;
				ASSETCATALOG_COMPILER_GLOBAL_ACCENT_COLOR_NAME = AccentColor;
				CODE_SIGN_STYLE = Automatic;
				DEVELOPMENT_TEAM = 6LHGBJ63LX;
				INFOPLIST_FILE = LunaMovie/Info.plist;
				LD_RUNPATH_SEARCH_PATHS = (
					"$(inherited)",
					"@executable_path/Frameworks",
				);
				PRODUCT_BUNDLE_IDENTIFIER = com.lunaski.LunaMovie;
				PRODUCT_NAME = "$(TARGET_NAME)";
				SWIFT_VERSION = 5.0;
				TARGETED_DEVICE_FAMILY = 1;
			};
			name = Debug;
		};
		F9C84515252998DC00A69809 /* Release */ = {
			isa = XCBuildConfiguration;
			baseConfigurationReference = FF0ADD02A04CBE8C3807B318 /* Pods-LunaMovie.release.xcconfig */;
			buildSettings = {
				ASSETCATALOG_COMPILER_APPICON_NAME = AppIcon;
				ASSETCATALOG_COMPILER_GLOBAL_ACCENT_COLOR_NAME = AccentColor;
				CODE_SIGN_STYLE = Automatic;
				DEVELOPMENT_TEAM = 6LHGBJ63LX;
				INFOPLIST_FILE = LunaMovie/Info.plist;
				LD_RUNPATH_SEARCH_PATHS = (
					"$(inherited)",
					"@executable_path/Frameworks",
				);
				PRODUCT_BUNDLE_IDENTIFIER = com.lunaski.LunaMovie;
				PRODUCT_NAME = "$(TARGET_NAME)";
				SWIFT_VERSION = 5.0;
				TARGETED_DEVICE_FAMILY = 1;
			};
			name = Release;
		};
/* End XCBuildConfiguration section */

/* Begin XCConfigurationList section */
		F9C844F7252998DC00A69809 /* Build configuration list for PBXProject "LunaMovie" */ = {
			isa = XCConfigurationList;
			buildConfigurations = (
				F9C84511252998DC00A69809 /* Debug */,
				F9C84512252998DC00A69809 /* Release */,
			);
			defaultConfigurationIsVisible = 0;
			defaultConfigurationName = Release;
		};
		F9C84513252998DC00A69809 /* Build configuration list for PBXNativeTarget "LunaMovie" */ = {
			isa = XCConfigurationList;
			buildConfigurations = (
				F9C84514252998DC00A69809 /* Debug */,
				F9C84515252998DC00A69809 /* Release */,
			);
			defaultConfigurationIsVisible = 0;
			defaultConfigurationName = Release;
		};
/* End XCConfigurationList section */

/* Begin XCVersionGroup section */
		F9C84508252998DC00A69809 /* LunaMovie.xcdatamodeld */ = {
			isa = XCVersionGroup;
			children = (
				F9C84509252998DC00A69809 /* LunaMovie.xcdatamodel */,
			);
			currentVersion = F9C84509252998DC00A69809 /* LunaMovie.xcdatamodel */;
			path = LunaMovie.xcdatamodeld;
			sourceTree = "<group>";
			versionGroupType = wrapper.xcdatamodel;
		};
/* End XCVersionGroup section */
	};
	rootObject = F9C844F4252998DC00A69809 /* Project object */;
}
